// !$*UTF8*$!
{
	archiveVersion = 1;
	classes = {
	};
	objectVersion = 46;
	objects = {

/* Begin PBXBuildFile section */
		A956F39C1BC45C5000599B76 /* AppDelegate.swift in Sources */ = {isa = PBXBuildFile; fileRef = A956F39B1BC45C5000599B76 /* AppDelegate.swift */; };
		A956F39E1BC45C5000599B76 /* ViewController.swift in Sources */ = {isa = PBXBuildFile; fileRef = A956F39D1BC45C5000599B76 /* ViewController.swift */; };
		A956F3A11BC45C5000599B76 /* Main.storyboard in Resources */ = {isa = PBXBuildFile; fileRef = A956F39F1BC45C5000599B76 /* Main.storyboard */; };
		A956F3A31BC45C5000599B76 /* Assets.xcassets in Resources */ = {isa = PBXBuildFile; fileRef = A956F3A21BC45C5000599B76 /* Assets.xcassets */; };
		A956F3A61BC45C5000599B76 /* LaunchScreen.storyboard in Resources */ = {isa = PBXBuildFile; fileRef = A956F3A41BC45C5000599B76 /* LaunchScreen.storyboard */; };
		A956F3B11BC45C5000599B76 /* helloTests.swift in Sources */ = {isa = PBXBuildFile; fileRef = A956F3B01BC45C5000599B76 /* helloTests.swift */; };
		A956F3BC1BC45C5100599B76 /* helloUITests.swift in Sources */ = {isa = PBXBuildFile; fileRef = A956F3BB1BC45C5100599B76 /* helloUITests.swift */; };
/* End PBXBuildFile section */

/* Begin PBXContainerItemProxy section */
		A956F3AD1BC45C5000599B76 /* PBXContainerItemProxy */ = {
			isa = PBXContainerItemProxy;
			containerPortal = A956F3901BC45C5000599B76 /* Project object */;
			proxyType = 1;
			remoteGlobalIDString = A956F3971BC45C5000599B76;
			remoteInfo = hello;
		};
		A956F3B81BC45C5100599B76 /* PBXContainerItemProxy */ = {
			isa = PBXContainerItemProxy;
			containerPortal = A956F3901BC45C5000599B76 /* Project object */;
			proxyType = 1;
			remoteGlobalIDString = A956F3971BC45C5000599B76;
			remoteInfo = hello;
		};
/* End PBXContainerItemProxy section */

/* Begin PBXFileReference section */
		A956F3981BC45C5000599B76 /* hello.app */ = {isa = PBXFileReference; explicitFileType = wrapper.application; includeInIndex = 0; path = hello.app; sourceTree = BUILT_PRODUCTS_DIR; };
		A956F39B1BC45C5000599B76 /* AppDelegate.swift */ = {isa = PBXFileReference; lastKnownFileType = sourcecode.swift; path = AppDelegate.swift; sourceTree = "<group>"; };
		A956F39D1BC45C5000599B76 /* ViewController.swift */ = {isa = PBXFileReference; lastKnownFileType = sourcecode.swift; path = ViewController.swift; sourceTree = "<group>"; };
		A956F3A01BC45C5000599B76 /* Base */ = {isa = PBXFileReference; lastKnownFileType = file.storyboard; name = Base; path = Base.lproj/Main.storyboard; sourceTree = "<group>"; };
		A956F3A21BC45C5000599B76 /* Assets.xcassets */ = {isa = PBXFileReference; lastKnownFileType = folder.assetcatalog; path = Assets.xcassets; sourceTree = "<group>"; };
		A956F3A51BC45C5000599B76 /* Base */ = {isa = PBXFileReference; lastKnownFileType = file.storyboard; name = Base; path = Base.lproj/LaunchScreen.storyboard; sourceTree = "<group>"; };
		A956F3A71BC45C5000599B76 /* Info.plist */ = {isa = PBXFileReference; lastKnownFileType = text.plist.xml; path = Info.plist; sourceTree = "<group>"; };
		A956F3AC1BC45C5000599B76 /* helloTests.xctest */ = {isa = PBXFileReference; explicitFileType = wrapper.cfbundle; includeInIndex = 0; path = helloTests.xctest; sourceTree = BUILT_PRODUCTS_DIR; };
		A956F3B01BC45C5000599B76 /* helloTests.swift */ = {isa = PBXFileReference; lastKnownFileType = sourcecode.swift; path = helloTests.swift; sourceTree = "<group>"; };
		A956F3B21BC45C5000599B76 /* Info.plist */ = {isa = PBXFileReference; lastKnownFileType = text.plist.xml; path = Info.plist; sourceTree = "<group>"; };
		A956F3B71BC45C5100599B76 /* helloUITests.xctest */ = {isa = PBXFileReference; explicitFileType = wrapper.cfbundle; includeInIndex = 0; path = helloUITests.xctest; sourceTree = BUILT_PRODUCTS_DIR; };
		A956F3BB1BC45C5100599B76 /* helloUITests.swift */ = {isa = PBXFileReference; lastKnownFileType = sourcecode.swift; path = helloUITests.swift; sourceTree = "<group>"; };
		A956F3BD1BC45C5100599B76 /* Info.plist */ = {isa = PBXFileReference; lastKnownFileType = text.plist.xml; path = Info.plist; sourceTree = "<group>"; };
/* End PBXFileReference section */

/* Begin PBXFrameworksBuildPhase section */
		A956F3951BC45C5000599B76 /* Frameworks */ = {
			isa = PBXFrameworksBuildPhase;
			buildActionMask = 2147483647;
			files = (
			);
			runOnlyForDeploymentPostprocessing = 0;
		};
		A956F3A91BC45C5000599B76 /* Frameworks */ = {
			isa = PBXFrameworksBuildPhase;
			buildActionMask = 2147483647;
			files = (
			);
			runOnlyForDeploymentPostprocessing = 0;
		};
		A956F3B41BC45C5100599B76 /* Frameworks */ = {
			isa = PBXFrameworksBuildPhase;
			buildActionMask = 2147483647;
			files = (
			);
			runOnlyForDeploymentPostprocessing = 0;
		};
/* End PBXFrameworksBuildPhase section */

/* Begin PBXGroup section */
		A956F38F1BC45C5000599B76 = {
			isa = PBXGroup;
			children = (
				A956F39A1BC45C5000599B76 /* hello */,
				A956F3AF1BC45C5000599B76 /* helloTests */,
				A956F3BA1BC45C5100599B76 /* helloUITests */,
				A956F3991BC45C5000599B76 /* Products */,
			);
			sourceTree = "<group>";
		};
		A956F3991BC45C5000599B76 /* Products */ = {
			isa = PBXGroup;
			children = (
				A956F3981BC45C5000599B76 /* hello.app */,
				A956F3AC1BC45C5000599B76 /* helloTests.xctest */,
				A956F3B71BC45C5100599B76 /* helloUITests.xctest */,
			);
			name = Products;
			sourceTree = "<group>";
		};
		A956F39A1BC45C5000599B76 /* hello */ = {
			isa = PBXGroup;
			children = (
				A956F39B1BC45C5000599B76 /* AppDelegate.swift */,
				A956F39D1BC45C5000599B76 /* ViewController.swift */,
				A956F39F1BC45C5000599B76 /* Main.storyboard */,
				A956F3A21BC45C5000599B76 /* Assets.xcassets */,
				A956F3A41BC45C5000599B76 /* LaunchScreen.storyboard */,
				A956F3A71BC45C5000599B76 /* Info.plist */,
			);
			path = hello;
			sourceTree = "<group>";
		};
		A956F3AF1BC45C5000599B76 /* helloTests */ = {
			isa = PBXGroup;
			children = (
				A956F3B01BC45C5000599B76 /* helloTests.swift */,
				A956F3B21BC45C5000599B76 /* Info.plist */,
			);
			path = helloTests;
			sourceTree = "<group>";
		};
		A956F3BA1BC45C5100599B76 /* helloUITests */ = {
			isa = PBXGroup;
			children = (
				A956F3BB1BC45C5100599B76 /* helloUITests.swift */,
				A956F3BD1BC45C5100599B76 /* Info.plist */,
			);
			path = helloUITests;
			sourceTree = "<group>";
		};
/* End PBXGroup section */

/* Begin PBXNativeTarget section */
		A956F3971BC45C5000599B76 /* hello */ = {
			isa = PBXNativeTarget;
			buildConfigurationList = A956F3C01BC45C5100599B76 /* Build configuration list for PBXNativeTarget "hello" */;
			buildPhases = (
				A956F3941BC45C5000599B76 /* Sources */,
				A956F3951BC45C5000599B76 /* Frameworks */,
				A956F3961BC45C5000599B76 /* Resources */,
			);
			buildRules = (
			);
			dependencies = (
			);
			name = hello;
			productName = hello;
			productReference = A956F3981BC45C5000599B76 /* hello.app */;
			productType = "com.apple.product-type.application";
		};
		A956F3AB1BC45C5000599B76 /* helloTests */ = {
			isa = PBXNativeTarget;
			buildConfigurationList = A956F3C31BC45C5100599B76 /* Build configuration list for PBXNativeTarget "helloTests" */;
			buildPhases = (
				A956F3A81BC45C5000599B76 /* Sources */,
				A956F3A91BC45C5000599B76 /* Frameworks */,
				A956F3AA1BC45C5000599B76 /* Resources */,
			);
			buildRules = (
			);
			dependencies = (
				A956F3AE1BC45C5000599B76 /* PBXTargetDependency */,
			);
			name = helloTests;
			productName = helloTests;
			productReference = A956F3AC1BC45C5000599B76 /* helloTests.xctest */;
			productType = "com.apple.product-type.bundle.unit-test";
		};
		A956F3B61BC45C5100599B76 /* helloUITests */ = {
			isa = PBXNativeTarget;
			buildConfigurationList = A956F3C61BC45C5100599B76 /* Build configuration list for PBXNativeTarget "helloUITests" */;
			buildPhases = (
				A956F3B31BC45C5100599B76 /* Sources */,
				A956F3B41BC45C5100599B76 /* Frameworks */,
				A956F3B51BC45C5100599B76 /* Resources */,
			);
			buildRules = (
			);
			dependencies = (
				A956F3B91BC45C5100599B76 /* PBXTargetDependency */,
			);
			name = helloUITests;
			productName = helloUITests;
			productReference = A956F3B71BC45C5100599B76 /* helloUITests.xctest */;
			productType = "com.apple.product-type.bundle.ui-testing";
		};
/* End PBXNativeTarget section */

/* Begin PBXProject section */
		A956F3901BC45C5000599B76 /* Project object */ = {
			isa = PBXProject;
			attributes = {
				LastUpgradeCheck = 0700;
				ORGANIZATIONNAME = "Bruce Ng";
				TargetAttributes = {
					A956F3971BC45C5000599B76 = {
						CreatedOnToolsVersion = 7.0.1;
					};
					A956F3AB1BC45C5000599B76 = {
						CreatedOnToolsVersion = 7.0.1;
						TestTargetID = A956F3971BC45C5000599B76;
					};
					A956F3B61BC45C5100599B76 = {
						CreatedOnToolsVersion = 7.0.1;
						TestTargetID = A956F3971BC45C5000599B76;
					};
				};
			};
			buildConfigurationList = A956F3931BC45C5000599B76 /* Build configuration list for PBXProject "hello" */;
			compatibilityVersion = "Xcode 3.2";
			developmentRegion = English;
			hasScannedForEncodings = 0;
			knownRegions = (
				en,
				Base,
			);
			mainGroup = A956F38F1BC45C5000599B76;
			productRefGroup = A956F3991BC45C5000599B76 /* Products */;
			projectDirPath = "";
			projectRoot = "";
			targets = (
				A956F3971BC45C5000599B76 /* hello */,
				A956F3AB1BC45C5000599B76 /* helloTests */,
				A956F3B61BC45C5100599B76 /* helloUITests */,
			);
		};
/* End PBXProject section */

/* Begin PBXResourcesBuildPhase section */
		A956F3961BC45C5000599B76 /* Resources */ = {
			isa = PBXResourcesBuildPhase;
			buildActionMask = 2147483647;
			files = (
				A956F3A61BC45C5000599B76 /* LaunchScreen.storyboard in Resources */,
				A956F3A31BC45C5000599B76 /* Assets.xcassets in Resources */,
				A956F3A11BC45C5000599B76 /* Main.storyboard in Resources */,
			);
			runOnlyForDeploymentPostprocessing = 0;
		};
		A956F3AA1BC45C5000599B76 /* Resources */ = {
			isa = PBXResourcesBuildPhase;
			buildActionMask = 2147483647;
			files = (
			);
			runOnlyForDeploymentPostprocessing = 0;
		};
		A956F3B51BC45C5100599B76 /* Resources */ = {
			isa = PBXResourcesBuildPhase;
			buildActionMask = 2147483647;
			files = (
			);
			runOnlyForDeploymentPostprocessing = 0;
		};
/* End PBXResourcesBuildPhase section */

/* Begin PBXSourcesBuildPhase section */
		A956F3941BC45C5000599B76 /* Sources */ = {
			isa = PBXSourcesBuildPhase;
			buildActionMask = 2147483647;
			files = (
				A956F39E1BC45C5000599B76 /* ViewController.swift in Sources */,
				A956F39C1BC45C5000599B76 /* AppDelegate.swift in Sources */,
			);
			runOnlyForDeploymentPostprocessing = 0;
		};
		A956F3A81BC45C5000599B76 /* Sources */ = {
			isa = PBXSourcesBuildPhase;
			buildActionMask = 2147483647;
			files = (
				A956F3B11BC45C5000599B76 /* helloTests.swift in Sources */,
			);
			runOnlyForDeploymentPostprocessing = 0;
		};
		A956F3B31BC45C5100599B76 /* Sources */ = {
			isa = PBXSourcesBuildPhase;
			buildActionMask = 2147483647;
			files = (
				A956F3BC1BC45C5100599B76 /* helloUITests.swift in Sources */,
			);
			runOnlyForDeploymentPostprocessing = 0;
		};
/* End PBXSourcesBuildPhase section */

/* Begin PBXTargetDependency section */
		A956F3AE1BC45C5000599B76 /* PBXTargetDependency */ = {
			isa = PBXTargetDependency;
			target = A956F3971BC45C5000599B76 /* hello */;
			targetProxy = A956F3AD1BC45C5000599B76 /* PBXContainerItemProxy */;
		};
		A956F3B91BC45C5100599B76 /* PBXTargetDependency */ = {
			isa = PBXTargetDependency;
			target = A956F3971BC45C5000599B76 /* hello */;
			targetProxy = A956F3B81BC45C5100599B76 /* PBXContainerItemProxy */;
		};
/* End PBXTargetDependency section */

/* Begin PBXVariantGroup section */
		A956F39F1BC45C5000599B76 /* Main.storyboard */ = {
			isa = PBXVariantGroup;
			children = (
				A956F3A01BC45C5000599B76 /* Base */,
			);
			name = Main.storyboard;
			sourceTree = "<group>";
		};
		A956F3A41BC45C5000599B76 /* LaunchScreen.storyboard */ = {
			isa = PBXVariantGroup;
			children = (
				A956F3A51BC45C5000599B76 /* Base */,
			);
			name = LaunchScreen.storyboard;
			sourceTree = "<group>";
		};
/* End PBXVariantGroup section */

/* Begin XCBuildConfiguration section */
		A956F3BE1BC45C5100599B76 /* Debug */ = {
			isa = XCBuildConfiguration;
			buildSettings = {
				ALWAYS_SEARCH_USER_PATHS = NO;
				CLANG_CXX_LANGUAGE_STANDARD = "gnu++0x";
				CLANG_CXX_LIBRARY = "libc++";
				CLANG_ENABLE_MODULES = YES;
				CLANG_ENABLE_OBJC_ARC = YES;
				CLANG_WARN_BOOL_CONVERSION = YES;
				CLANG_WARN_CONSTANT_CONVERSION = YES;
				CLANG_WARN_DIRECT_OBJC_ISA_USAGE = YES_ERROR;
				CLANG_WARN_EMPTY_BODY = YES;
				CLANG_WARN_ENUM_CONVERSION = YES;
				CLANG_WARN_INT_CONVERSION = YES;
				CLANG_WARN_OBJC_ROOT_CLASS = YES_ERROR;
				CLANG_WARN_UNREACHABLE_CODE = YES;
				CLANG_WARN__DUPLICATE_METHOD_MATCH = YES;
				"CODE_SIGN_IDENTITY[sdk=iphoneos*]" = "iPhone Developer";
				COPY_PHASE_STRIP = NO;
				DEBUG_INFORMATION_FORMAT = dwarf;
				ENABLE_STRICT_OBJC_MSGSEND = YES;
				ENABLE_TESTABILITY = YES;
				GCC_C_LANGUAGE_STANDARD = gnu99;
				GCC_DYNAMIC_NO_PIC = NO;
				GCC_NO_COMMON_BLOCKS = YES;
				GCC_OPTIMIZATION_LEVEL = 0;
				GCC_PREPROCESSOR_DEFINITIONS = (
					"DEBUG=1",
					"$(inherited)",
				);
				GCC_WARN_64_TO_32_BIT_CONVERSION = YES;
				GCC_WARN_ABOUT_RETURN_TYPE = YES_ERROR;
				GCC_WARN_UNDECLARED_SELECTOR = YES;
				GCC_WARN_UNINITIALIZED_AUTOS = YES_AGGRESSIVE;
				GCC_WARN_UNUSED_FUNCTION = YES;
				GCC_WARN_UNUSED_VARIABLE = YES;
				IPHONEOS_DEPLOYMENT_TARGET = 9.0;
				MTL_ENABLE_DEBUG_INFO = YES;
				ONLY_ACTIVE_ARCH = YES;
				SDKROOT = iphoneos;
				SWIFT_OPTIMIZATION_LEVEL = "-Onone";
				TARGETED_DEVICE_FAMILY = "1,2";
			};
			name = Debug;
		};
		A956F3BF1BC45C5100599B76 /* Release */ = {
			isa = XCBuildConfiguration;
			buildSettings = {
				ALWAYS_SEARCH_USER_PATHS = NO;
				CLANG_CXX_LANGUAGE_STANDARD = "gnu++0x";
				CLANG_CXX_LIBRARY = "libc++";
				CLANG_ENABLE_MODULES = YES;
				CLANG_ENABLE_OBJC_ARC = YES;
				CLANG_WARN_BOOL_CONVERSION = YES;
				CLANG_WARN_CONSTANT_CONVERSION = YES;
				CLANG_WARN_DIRECT_OBJC_ISA_USAGE = YES_ERROR;
				CLANG_WARN_EMPTY_BODY = YES;
				CLANG_WARN_ENUM_CONVERSION = YES;
				CLANG_WARN_INT_CONVERSION = YES;
				CLANG_WARN_OBJC_ROOT_CLASS = YES_ERROR;
				CLANG_WARN_UNREACHABLE_CODE = YES;
				CLANG_WARN__DUPLICATE_METHOD_MATCH = YES;
				"CODE_SIGN_IDENTITY[sdk=iphoneos*]" = "iPhone Developer";
				COPY_PHASE_STRIP = NO;
				DEBUG_INFORMATION_FORMAT = "dwarf-with-dsym";
				ENABLE_NS_ASSERTIONS = NO;
				ENABLE_STRICT_OBJC_MSGSEND = YES;
				GCC_C_LANGUAGE_STANDARD = gnu99;
				GCC_NO_COMMON_BLOCKS = YES;
				GCC_WARN_64_TO_32_BIT_CONVERSION = YES;
				GCC_WARN_ABOUT_RETURN_TYPE = YES_ERROR;
				GCC_WARN_UNDECLARED_SELECTOR = YES;
				GCC_WARN_UNINITIALIZED_AUTOS = YES_AGGRESSIVE;
				GCC_WARN_UNUSED_FUNCTION = YES;
				GCC_WARN_UNUSED_VARIABLE = YES;
				IPHONEOS_DEPLOYMENT_TARGET = 9.0;
				MTL_ENABLE_DEBUG_INFO = NO;
				SDKROOT = iphoneos;
				TARGETED_DEVICE_FAMILY = "1,2";
				VALIDATE_PRODUCT = YES;
			};
			name = Release;
		};
		A956F3C11BC45C5100599B76 /* Debug */ = {
			isa = XCBuildConfiguration;
			buildSettings = {
				ASSETCATALOG_COMPILER_APPICON_NAME = AppIcon;
				INFOPLIST_FILE = hello/Info.plist;
				LD_RUNPATH_SEARCH_PATHS = "$(inherited) @executable_path/Frameworks";
				PRODUCT_BUNDLE_IDENTIFIER = "edu.uw-bn22.hello";
				PRODUCT_NAME = "$(TARGET_NAME)";
			};
			name = Debug;
		};
		A956F3C21BC45C5100599B76 /* Release */ = {
			isa = XCBuildConfiguration;
			buildSettings = {
				ASSETCATALOG_COMPILER_APPICON_NAME = AppIcon;
				INFOPLIST_FILE = hello/Info.plist;
				LD_RUNPATH_SEARCH_PATHS = "$(inherited) @executable_path/Frameworks";
				PRODUCT_BUNDLE_IDENTIFIER = "edu.uw-bn22.hello";
				PRODUCT_NAME = "$(TARGET_NAME)";
			};
			name = Release;
		};
		A956F3C41BC45C5100599B76 /* Debug */ = {
			isa = XCBuildConfiguration;
			buildSettings = {
				BUNDLE_LOADER = "$(TEST_HOST)";
				INFOPLIST_FILE = helloTests/Info.plist;
				LD_RUNPATH_SEARCH_PATHS = "$(inherited) @executable_path/Frameworks @loader_path/Frameworks";
				PRODUCT_BUNDLE_IDENTIFIER = "edu.uw-bn22.helloTests";
				PRODUCT_NAME = "$(TARGET_NAME)";
				TEST_HOST = "$(BUILT_PRODUCTS_DIR)/hello.app/hello";
			};
			name = Debug;
		};
		A956F3C51BC45C5100599B76 /* Release */ = {
			isa = XCBuildConfiguration;
			buildSettings = {
				BUNDLE_LOADER = "$(TEST_HOST)";
				INFOPLIST_FILE = helloTests/Info.plist;
				LD_RUNPATH_SEARCH_PATHS = "$(inherited) @executable_path/Frameworks @loader_path/Frameworks";
				PRODUCT_BUNDLE_IDENTIFIER = "edu.uw-bn22.helloTests";
				PRODUCT_NAME = "$(TARGET_NAME)";
				TEST_HOST = "$(BUILT_PRODUCTS_DIR)/hello.app/hello";
			};
			name = Release;
		};
		A956F3C71BC45C5100599B76 /* Debug */ = {
			isa = XCBuildConfiguration;
			buildSettings = {
				INFOPLIST_FILE = helloUITests/Info.plist;
				LD_RUNPATH_SEARCH_PATHS = "$(inherited) @executable_path/Frameworks @loader_path/Frameworks";
				PRODUCT_BUNDLE_IDENTIFIER = "edu.uw-bn22.helloUITests";
				PRODUCT_NAME = "$(TARGET_NAME)";
				TEST_TARGET_NAME = hello;
				USES_XCTRUNNER = YES;
			};
			name = Debug;
		};
		A956F3C81BC45C5100599B76 /* Release */ = {
			isa = XCBuildConfiguration;
			buildSettings = {
				INFOPLIST_FILE = helloUITests/Info.plist;
				LD_RUNPATH_SEARCH_PATHS = "$(inherited) @executable_path/Frameworks @loader_path/Frameworks";
				PRODUCT_BUNDLE_IDENTIFIER = "edu.uw-bn22.helloUITests";
				PRODUCT_NAME = "$(TARGET_NAME)";
				TEST_TARGET_NAME = hello;
				USES_XCTRUNNER = YES;
			};
			name = Release;
		};
/* End XCBuildConfiguration section */

/* Begin XCConfigurationList section */
		A956F3931BC45C5000599B76 /* Build configuration list for PBXProject "hello" */ = {
			isa = XCConfigurationList;
			buildConfigurations = (
				A956F3BE1BC45C5100599B76 /* Debug */,
				A956F3BF1BC45C5100599B76 /* Release */,
			);
			defaultConfigurationIsVisible = 0;
			defaultConfigurationName = Release;
		};
		A956F3C01BC45C5100599B76 /* Build configuration list for PBXNativeTarget "hello" */ = {
			isa = XCConfigurationList;
			buildConfigurations = (
				A956F3C11BC45C5100599B76 /* Debug */,
				A956F3C21BC45C5100599B76 /* Release */,
			);
			defaultConfigurationIsVisible = 0;
		};
		A956F3C31BC45C5100599B76 /* Build configuration list for PBXNativeTarget "helloTests" */ = {
			isa = XCConfigurationList;
			buildConfigurations = (
				A956F3C41BC45C5100599B76 /* Debug */,
				A956F3C51BC45C5100599B76 /* Release */,
			);
			defaultConfigurationIsVisible = 0;
		};
		A956F3C61BC45C5100599B76 /* Build configuration list for PBXNativeTarget "helloUITests" */ = {
			isa = XCConfigurationList;
			buildConfigurations = (
				A956F3C71BC45C5100599B76 /* Debug */,
				A956F3C81BC45C5100599B76 /* Release */,
			);
			defaultConfigurationIsVisible = 0;
		};
/* End XCConfigurationList section */
	};
	rootObject = A956F3901BC45C5000599B76 /* Project object */;
}
